
Microsoft Visual Studio Solution File, Format Version 12.00
# Visual Studio Version 17
VisualStudioVersion = 17.10.35027.167
MinimumVisualStudioVersion = 10.0.40219.1
Project("{FAE04EC0-301F-11D3-BF4B-00C04F79EFBC}") = "AT1-CS", "AT1-CS.csproj", "{3D63BD67-9ED5-454F-BA58-190E754D4ED1}"
EndProject
Global
	GlobalSection(SolutionConfigurationPlatforms) = preSolution
		Debug|Any CPU = Debug|Any CPU
		Release|Any CPU = Release|Any CPU
	EndGlobalSection
	GlobalSection(ProjectConfigurationPlatforms) = postSolution
		{3D63BD67-9ED5-454F-BA58-190E754D4ED1}.Debug|Any CPU.ActiveCfg = Debug|Any CPU
		{3D63BD67-9ED5-454F-BA58-190E754D4ED1}.Debug|Any CPU.Build.0 = Debug|Any CPU
		{3D63BD67-9ED5-454F-BA58-190E754D4ED1}.Release|Any CPU.ActiveCfg = Release|Any CPU
		{3D63BD67-9ED5-454F-BA58-190E754D4ED1}.Release|Any CPU.Build.0 = Release|Any CPU
	EndGlobalSection
	GlobalSection(SolutionProperties) = preSolution
		HideSolutionNode = FALSE
	EndGlobalSection
	GlobalSection(ExtensibilityGlobals) = postSolution
		SolutionGuid = {BA4ECF24-4759-4FF7-B5F5-8CF47ECBFEDD}
	EndGlobalSection
EndGlobal
